// !$*UTF8*$!
{
	archiveVersion = 1;
	classes = {
	};
	objectVersion = 46;
	objects = {

/* Begin PBXBuildFile section */
		42C3063C1D61324400975758 /* AppDelegate.swift in Sources */ = {isa = PBXBuildFile; fileRef = 42C3063B1D61324400975758 /* AppDelegate.swift */; };
		42C306411D61324400975758 /* Main.storyboard in Resources */ = {isa = PBXBuildFile; fileRef = 42C3063F1D61324400975758 /* Main.storyboard */; };
		42C306431D61324400975758 /* Assets.xcassets in Resources */ = {isa = PBXBuildFile; fileRef = 42C306421D61324400975758 /* Assets.xcassets */; };
		42C306461D61324400975758 /* LaunchScreen.storyboard in Resources */ = {isa = PBXBuildFile; fileRef = 42C306441D61324400975758 /* LaunchScreen.storyboard */; };
		4832610F1DA709810075E988 /* NearbyArtCollectionViewCell.swift in Sources */ = {isa = PBXBuildFile; fileRef = 4832610E1DA709810075E988 /* NearbyArtCollectionViewCell.swift */; };
		4896B7D41DA70BFE00D4C628 /* InstallationDetailTagsCell.swift in Sources */ = {isa = PBXBuildFile; fileRef = 4896B7D31DA70BFE00D4C628 /* InstallationDetailTagsCell.swift */; };
		4896B7D61DA70C1200D4C628 /* InstallationDetailNearbyArtCell.swift in Sources */ = {isa = PBXBuildFile; fileRef = 4896B7D51DA70C1200D4C628 /* InstallationDetailNearbyArtCell.swift */; };
		48D1B7E81DA47CC200A00DFB /* InstallationCollectionViewController.swift in Sources */ = {isa = PBXBuildFile; fileRef = 48D1B7E71DA47CC200A00DFB /* InstallationCollectionViewController.swift */; };
		48D1B7EA1DA47DE400A00DFB /* InstallationCollectionViewCell.swift in Sources */ = {isa = PBXBuildFile; fileRef = 48D1B7E91DA47DE400A00DFB /* InstallationCollectionViewCell.swift */; };
		48D1B7F31DA5558100A00DFB /* ArtInstallation.swift in Sources */ = {isa = PBXBuildFile; fileRef = 48D1B7F21DA5558100A00DFB /* ArtInstallation.swift */; };
		48D1B7F51DA5698200A00DFB /* InstallationDetailViewController.swift in Sources */ = {isa = PBXBuildFile; fileRef = 48D1B7F41DA5698200A00DFB /* InstallationDetailViewController.swift */; };
		48D1B7FB1DA57D7C00A00DFB /* UIColor+SAO.swift in Sources */ = {isa = PBXBuildFile; fileRef = 48D1B7FA1DA57D7C00A00DFB /* UIColor+SAO.swift */; };
		48D1B7FE1DA582DF00A00DFB /* DropShadowView.swift in Sources */ = {isa = PBXBuildFile; fileRef = 48D1B7FD1DA582DF00A00DFB /* DropShadowView.swift */; };
		48D1B8011DA58CE300A00DFB /* TagView.swift in Sources */ = {isa = PBXBuildFile; fileRef = 48D1B8001DA58CE300A00DFB /* TagView.swift */; };
		48D1B8041DA596EF00A00DFB /* WrappingStackView.swift in Sources */ = {isa = PBXBuildFile; fileRef = 48D1B8031DA596EF00A00DFB /* WrappingStackView.swift */; };
		48DBA81E1DABE5B300F77B4D /* CornerMenuView.swift in Sources */ = {isa = PBXBuildFile; fileRef = 48DBA81D1DABE5B300F77B4D /* CornerMenuView.swift */; };
		48DBA8201DABE5C300F77B4D /* CornerMenuView.xib in Resources */ = {isa = PBXBuildFile; fileRef = 48DBA81F1DABE5C300F77B4D /* CornerMenuView.xib */; };
		48DBA8231DABEAB600F77B4D /* CornerMenuViewController.swift in Sources */ = {isa = PBXBuildFile; fileRef = 48DBA8221DABEAB600F77B4D /* CornerMenuViewController.swift */; };
		48DBA8261DAC04A500F77B4D /* LicensesViewController.swift in Sources */ = {isa = PBXBuildFile; fileRef = 48DBA8251DAC04A500F77B4D /* LicensesViewController.swift */; };
		48DBA82C1DAC075F00F77B4D /* SignInViewController.swift in Sources */ = {isa = PBXBuildFile; fileRef = 48DBA82B1DAC075F00F77B4D /* SignInViewController.swift */; };
		48DBA82F1DAC0BAA00F77B4D /* AddTagViewController.swift in Sources */ = {isa = PBXBuildFile; fileRef = 48DBA82E1DAC0BAA00F77B4D /* AddTagViewController.swift */; };
		BFA2ACAC1E7081580093E47A /* ApiClient.swift in Sources */ = {isa = PBXBuildFile; fileRef = BFA2ACAB1E7081580093E47A /* ApiClient.swift */; };
/* End PBXBuildFile section */

/* Begin PBXFileReference section */
		42C306381D61324400975758 /* Street Art Orlando.app */ = {isa = PBXFileReference; explicitFileType = wrapper.application; includeInIndex = 0; path = "Street Art Orlando.app"; sourceTree = BUILT_PRODUCTS_DIR; };
		42C3063B1D61324400975758 /* AppDelegate.swift */ = {isa = PBXFileReference; lastKnownFileType = sourcecode.swift; path = AppDelegate.swift; sourceTree = "<group>"; };
		42C306401D61324400975758 /* Base */ = {isa = PBXFileReference; lastKnownFileType = file.storyboard; name = Base; path = Base.lproj/Main.storyboard; sourceTree = "<group>"; };
		42C306421D61324400975758 /* Assets.xcassets */ = {isa = PBXFileReference; lastKnownFileType = folder.assetcatalog; path = Assets.xcassets; sourceTree = "<group>"; };
		42C306451D61324400975758 /* Base */ = {isa = PBXFileReference; lastKnownFileType = file.storyboard; name = Base; path = Base.lproj/LaunchScreen.storyboard; sourceTree = "<group>"; };
		42C306471D61324400975758 /* Info.plist */ = {isa = PBXFileReference; lastKnownFileType = text.plist.xml; path = Info.plist; sourceTree = "<group>"; };
		4832610E1DA709810075E988 /* NearbyArtCollectionViewCell.swift */ = {isa = PBXFileReference; fileEncoding = 4; lastKnownFileType = sourcecode.swift; path = NearbyArtCollectionViewCell.swift; sourceTree = "<group>"; };
		4896B7D31DA70BFE00D4C628 /* InstallationDetailTagsCell.swift */ = {isa = PBXFileReference; fileEncoding = 4; lastKnownFileType = sourcecode.swift; path = InstallationDetailTagsCell.swift; sourceTree = "<group>"; };
		4896B7D51DA70C1200D4C628 /* InstallationDetailNearbyArtCell.swift */ = {isa = PBXFileReference; fileEncoding = 4; lastKnownFileType = sourcecode.swift; path = InstallationDetailNearbyArtCell.swift; sourceTree = "<group>"; };
		48D1B7E71DA47CC200A00DFB /* InstallationCollectionViewController.swift */ = {isa = PBXFileReference; fileEncoding = 4; lastKnownFileType = sourcecode.swift; path = InstallationCollectionViewController.swift; sourceTree = "<group>"; };
		48D1B7E91DA47DE400A00DFB /* InstallationCollectionViewCell.swift */ = {isa = PBXFileReference; fileEncoding = 4; lastKnownFileType = sourcecode.swift; path = InstallationCollectionViewCell.swift; sourceTree = "<group>"; };
		48D1B7F21DA5558100A00DFB /* ArtInstallation.swift */ = {isa = PBXFileReference; fileEncoding = 4; lastKnownFileType = sourcecode.swift; path = ArtInstallation.swift; sourceTree = "<group>"; };
		48D1B7F41DA5698200A00DFB /* InstallationDetailViewController.swift */ = {isa = PBXFileReference; fileEncoding = 4; lastKnownFileType = sourcecode.swift; path = InstallationDetailViewController.swift; sourceTree = "<group>"; };
		48D1B7FA1DA57D7C00A00DFB /* UIColor+SAO.swift */ = {isa = PBXFileReference; fileEncoding = 4; lastKnownFileType = sourcecode.swift; path = "UIColor+SAO.swift"; sourceTree = "<group>"; };
		48D1B7FD1DA582DF00A00DFB /* DropShadowView.swift */ = {isa = PBXFileReference; fileEncoding = 4; lastKnownFileType = sourcecode.swift; path = DropShadowView.swift; sourceTree = "<group>"; };
		48D1B8001DA58CE300A00DFB /* TagView.swift */ = {isa = PBXFileReference; fileEncoding = 4; lastKnownFileType = sourcecode.swift; path = TagView.swift; sourceTree = "<group>"; };
		48D1B8031DA596EF00A00DFB /* WrappingStackView.swift */ = {isa = PBXFileReference; fileEncoding = 4; lastKnownFileType = sourcecode.swift; path = WrappingStackView.swift; sourceTree = "<group>"; };
		48DBA81D1DABE5B300F77B4D /* CornerMenuView.swift */ = {isa = PBXFileReference; fileEncoding = 4; lastKnownFileType = sourcecode.swift; path = CornerMenuView.swift; sourceTree = "<group>"; };
		48DBA81F1DABE5C300F77B4D /* CornerMenuView.xib */ = {isa = PBXFileReference; fileEncoding = 4; lastKnownFileType = file.xib; path = CornerMenuView.xib; sourceTree = "<group>"; };
		48DBA8221DABEAB600F77B4D /* CornerMenuViewController.swift */ = {isa = PBXFileReference; fileEncoding = 4; lastKnownFileType = sourcecode.swift; path = CornerMenuViewController.swift; sourceTree = "<group>"; };
		48DBA8251DAC04A500F77B4D /* LicensesViewController.swift */ = {isa = PBXFileReference; fileEncoding = 4; lastKnownFileType = sourcecode.swift; path = LicensesViewController.swift; sourceTree = "<group>"; };
		48DBA82B1DAC075F00F77B4D /* SignInViewController.swift */ = {isa = PBXFileReference; fileEncoding = 4; lastKnownFileType = sourcecode.swift; path = SignInViewController.swift; sourceTree = "<group>"; };
		48DBA82E1DAC0BAA00F77B4D /* AddTagViewController.swift */ = {isa = PBXFileReference; fileEncoding = 4; lastKnownFileType = sourcecode.swift; path = AddTagViewController.swift; sourceTree = "<group>"; };
		BFA2ACAB1E7081580093E47A /* ApiClient.swift */ = {isa = PBXFileReference; fileEncoding = 4; lastKnownFileType = sourcecode.swift; name = ApiClient.swift; path = API/ApiClient.swift; sourceTree = "<group>"; };
/* End PBXFileReference section */

/* Begin PBXFrameworksBuildPhase section */
		42C306351D61324400975758 /* Frameworks */ = {
			isa = PBXFrameworksBuildPhase;
			buildActionMask = 2147483647;
			files = (
			);
			runOnlyForDeploymentPostprocessing = 0;
		};
/* End PBXFrameworksBuildPhase section */

/* Begin PBXGroup section */
		42C3062F1D61324400975758 = {
			isa = PBXGroup;
			children = (
				42C3063A1D61324400975758 /* Street Art Orlando */,
				42C306391D61324400975758 /* Products */,
			);
			sourceTree = "<group>";
		};
		42C306391D61324400975758 /* Products */ = {
			isa = PBXGroup;
			children = (
				42C306381D61324400975758 /* Street Art Orlando.app */,
			);
			name = Products;
			sourceTree = "<group>";
		};
		42C3063A1D61324400975758 /* Street Art Orlando */ = {
			isa = PBXGroup;
			children = (
				48D1B7F81DA57D3E00A00DFB /* Library */,
				BFA2ACAA1E707CCF0093E47A /* API */,
				48D1B7F11DA5555B00A00DFB /* Model */,
				48D1B7E51DA47C7500A00DFB /* Controllers */,
				48D1B7EE1DA54EB400A00DFB /* Storyboards */,
				48D1B7EF1DA54EC900A00DFB /* Resources */,
				48D1B7F01DA54EDA00A00DFB /* Supporting Files */,
			);
			path = "Street Art Orlando";
			sourceTree = "<group>";
		};
		48D1B7E51DA47C7500A00DFB /* Controllers */ = {
			isa = PBXGroup;
			children = (
				48DBA82D1DAC0B8300F77B4D /* AddTagViewController */,
				48DBA82A1DAC073E00F77B4D /* SignInViewController */,
				48DBA8241DAC048B00F77B4D /* Licenses */,
				48DBA8211DABEA9100F77B4D /* CornerMenuViewController */,
				48D1B7ED1DA4833A00A00DFB /* InstallationDetailViewController */,
				48D1B7E61DA47C8F00A00DFB /* InstallationCollectionViewController */,
			);
			path = Controllers;
			sourceTree = "<group>";
		};
		48D1B7E61DA47C8F00A00DFB /* InstallationCollectionViewController */ = {
			isa = PBXGroup;
			children = (
				48D1B7E71DA47CC200A00DFB /* InstallationCollectionViewController.swift */,
				48D1B7E91DA47DE400A00DFB /* InstallationCollectionViewCell.swift */,
			);
			path = InstallationCollectionViewController;
			sourceTree = "<group>";
		};
		48D1B7ED1DA4833A00A00DFB /* InstallationDetailViewController */ = {
			isa = PBXGroup;
			children = (
				48D1B7F41DA5698200A00DFB /* InstallationDetailViewController.swift */,
				4832610E1DA709810075E988 /* NearbyArtCollectionViewCell.swift */,
				4896B7D31DA70BFE00D4C628 /* InstallationDetailTagsCell.swift */,
				4896B7D51DA70C1200D4C628 /* InstallationDetailNearbyArtCell.swift */,
			);
			path = InstallationDetailViewController;
			sourceTree = "<group>";
		};
		48D1B7EE1DA54EB400A00DFB /* Storyboards */ = {
			isa = PBXGroup;
			children = (
				42C3063F1D61324400975758 /* Main.storyboard */,
			);
			name = Storyboards;
			sourceTree = "<group>";
		};
		48D1B7EF1DA54EC900A00DFB /* Resources */ = {
			isa = PBXGroup;
			children = (
				42C306421D61324400975758 /* Assets.xcassets */,
			);
			name = Resources;
			sourceTree = "<group>";
		};
		48D1B7F01DA54EDA00A00DFB /* Supporting Files */ = {
			isa = PBXGroup;
			children = (
				42C3063B1D61324400975758 /* AppDelegate.swift */,
				42C306441D61324400975758 /* LaunchScreen.storyboard */,
				42C306471D61324400975758 /* Info.plist */,
			);
			name = "Supporting Files";
			sourceTree = "<group>";
		};
		48D1B7F11DA5555B00A00DFB /* Model */ = {
			isa = PBXGroup;
			children = (
				48D1B7F21DA5558100A00DFB /* ArtInstallation.swift */,
			);
			path = Model;
			sourceTree = "<group>";
		};
		48D1B7F81DA57D3E00A00DFB /* Library */ = {
			isa = PBXGroup;
			children = (
				48DBA81C1DABE59400F77B4D /* CornerMenuView */,
				48D1B8021DA596D400A00DFB /* WrappingStackView */,
				48D1B7FF1DA58CCF00A00DFB /* TagView */,
				48D1B7FC1DA582B300A00DFB /* DropShadowView */,
				48D1B7F91DA57D4F00A00DFB /* Extensions */,
			);
			path = Library;
			sourceTree = "<group>";
		};
		48D1B7F91DA57D4F00A00DFB /* Extensions */ = {
			isa = PBXGroup;
			children = (
				48D1B7FA1DA57D7C00A00DFB /* UIColor+SAO.swift */,
			);
			path = Extensions;
			sourceTree = "<group>";
		};
		48D1B7FC1DA582B300A00DFB /* DropShadowView */ = {
			isa = PBXGroup;
			children = (
				48D1B7FD1DA582DF00A00DFB /* DropShadowView.swift */,
			);
			path = DropShadowView;
			sourceTree = "<group>";
		};
		48D1B7FF1DA58CCF00A00DFB /* TagView */ = {
			isa = PBXGroup;
			children = (
				48D1B8001DA58CE300A00DFB /* TagView.swift */,
			);
			path = TagView;
			sourceTree = "<group>";
		};
		48D1B8021DA596D400A00DFB /* WrappingStackView */ = {
			isa = PBXGroup;
			children = (
				48D1B8031DA596EF00A00DFB /* WrappingStackView.swift */,
			);
			path = WrappingStackView;
			sourceTree = "<group>";
		};
		48DBA81C1DABE59400F77B4D /* CornerMenuView */ = {
			isa = PBXGroup;
			children = (
				48DBA81D1DABE5B300F77B4D /* CornerMenuView.swift */,
				48DBA81F1DABE5C300F77B4D /* CornerMenuView.xib */,
			);
			path = CornerMenuView;
			sourceTree = "<group>";
		};
		48DBA8211DABEA9100F77B4D /* CornerMenuViewController */ = {
			isa = PBXGroup;
			children = (
				48DBA8221DABEAB600F77B4D /* CornerMenuViewController.swift */,
			);
			path = CornerMenuViewController;
			sourceTree = "<group>";
		};
		48DBA8241DAC048B00F77B4D /* Licenses */ = {
			isa = PBXGroup;
			children = (
				48DBA8251DAC04A500F77B4D /* LicensesViewController.swift */,
			);
			path = Licenses;
			sourceTree = "<group>";
		};
		48DBA82A1DAC073E00F77B4D /* SignInViewController */ = {
			isa = PBXGroup;
			children = (
				48DBA82B1DAC075F00F77B4D /* SignInViewController.swift */,
			);
			path = SignInViewController;
			sourceTree = "<group>";
		};
		48DBA82D1DAC0B8300F77B4D /* AddTagViewController */ = {
			isa = PBXGroup;
			children = (
				48DBA82E1DAC0BAA00F77B4D /* AddTagViewController.swift */,
			);
			path = AddTagViewController;
			sourceTree = "<group>";
		};
		BFA2ACAA1E707CCF0093E47A /* API */ = {
			isa = PBXGroup;
			children = (
				BFA2ACAB1E7081580093E47A /* ApiClient.swift */,
			);
			name = API;
			sourceTree = "<group>";
		};
/* End PBXGroup section */

/* Begin PBXNativeTarget section */
		42C306371D61324400975758 /* Street Art Orlando */ = {
			isa = PBXNativeTarget;
			buildConfigurationList = 42C3064A1D61324400975758 /* Build configuration list for PBXNativeTarget "Street Art Orlando" */;
			buildPhases = (
				42C306341D61324400975758 /* Sources */,
				42C306351D61324400975758 /* Frameworks */,
				42C306361D61324400975758 /* Resources */,
			);
			buildRules = (
			);
			dependencies = (
			);
			name = "Street Art Orlando";
			productName = "Street Art Orlando";
			productReference = 42C306381D61324400975758 /* Street Art Orlando.app */;
			productType = "com.apple.product-type.application";
		};
/* End PBXNativeTarget section */

/* Begin PBXProject section */
		42C306301D61324400975758 /* Project object */ = {
			isa = PBXProject;
			attributes = {
				LastSwiftUpdateCheck = 0730;
				LastUpgradeCheck = 0800;
				ORGANIZATIONNAME = "Code For Orlando";
				TargetAttributes = {
					42C306371D61324400975758 = {
						CreatedOnToolsVersion = 7.3.1;
						DevelopmentTeam = L67Z545F8Q;
						LastSwiftMigration = 0800;
					};
				};
			};
			buildConfigurationList = 42C306331D61324400975758 /* Build configuration list for PBXProject "Street Art Orlando" */;
			compatibilityVersion = "Xcode 3.2";
			developmentRegion = English;
			hasScannedForEncodings = 0;
			knownRegions = (
				en,
				Base,
			);
			mainGroup = 42C3062F1D61324400975758;
			productRefGroup = 42C306391D61324400975758 /* Products */;
			projectDirPath = "";
			projectRoot = "";
			targets = (
				42C306371D61324400975758 /* Street Art Orlando */,
			);
		};
/* End PBXProject section */

/* Begin PBXResourcesBuildPhase section */
		42C306361D61324400975758 /* Resources */ = {
			isa = PBXResourcesBuildPhase;
			buildActionMask = 2147483647;
			files = (
				48DBA8201DABE5C300F77B4D /* CornerMenuView.xib in Resources */,
				42C306461D61324400975758 /* LaunchScreen.storyboard in Resources */,
				42C306431D61324400975758 /* Assets.xcassets in Resources */,
				42C306411D61324400975758 /* Main.storyboard in Resources */,
			);
			runOnlyForDeploymentPostprocessing = 0;
		};
/* End PBXResourcesBuildPhase section */

/* Begin PBXSourcesBuildPhase section */
		42C306341D61324400975758 /* Sources */ = {
			isa = PBXSourcesBuildPhase;
			buildActionMask = 2147483647;
			files = (
				48D1B7EA1DA47DE400A00DFB /* InstallationCollectionViewCell.swift in Sources */,
				48D1B7F51DA5698200A00DFB /* InstallationDetailViewController.swift in Sources */,
				48D1B8041DA596EF00A00DFB /* WrappingStackView.swift in Sources */,
				4832610F1DA709810075E988 /* NearbyArtCollectionViewCell.swift in Sources */,
				48D1B7F31DA5558100A00DFB /* ArtInstallation.swift in Sources */,
				48D1B7FE1DA582DF00A00DFB /* DropShadowView.swift in Sources */,
				48D1B7FB1DA57D7C00A00DFB /* UIColor+SAO.swift in Sources */,
				42C3063C1D61324400975758 /* AppDelegate.swift in Sources */,
				48D1B7E81DA47CC200A00DFB /* InstallationCollectionViewController.swift in Sources */,
				48DBA81E1DABE5B300F77B4D /* CornerMenuView.swift in Sources */,
				4896B7D61DA70C1200D4C628 /* InstallationDetailNearbyArtCell.swift in Sources */,
				BFA2ACAC1E7081580093E47A /* ApiClient.swift in Sources */,
				48DBA8261DAC04A500F77B4D /* LicensesViewController.swift in Sources */,
				48DBA82F1DAC0BAA00F77B4D /* AddTagViewController.swift in Sources */,
				48DBA82C1DAC075F00F77B4D /* SignInViewController.swift in Sources */,
				4896B7D41DA70BFE00D4C628 /* InstallationDetailTagsCell.swift in Sources */,
				48D1B8011DA58CE300A00DFB /* TagView.swift in Sources */,
				48DBA8231DABEAB600F77B4D /* CornerMenuViewController.swift in Sources */,
			);
			runOnlyForDeploymentPostprocessing = 0;
		};
/* End PBXSourcesBuildPhase section */

/* Begin PBXVariantGroup section */
		42C3063F1D61324400975758 /* Main.storyboard */ = {
			isa = PBXVariantGroup;
			children = (
				42C306401D61324400975758 /* Base */,
			);
			name = Main.storyboard;
			sourceTree = "<group>";
		};
		42C306441D61324400975758 /* LaunchScreen.storyboard */ = {
			isa = PBXVariantGroup;
			children = (
				42C306451D61324400975758 /* Base */,
			);
			name = LaunchScreen.storyboard;
			sourceTree = "<group>";
		};
/* End PBXVariantGroup section */

/* Begin XCBuildConfiguration section */
		42C306481D61324400975758 /* Debug */ = {
			isa = XCBuildConfiguration;
			buildSettings = {
				ALWAYS_SEARCH_USER_PATHS = NO;
				CLANG_ANALYZER_NONNULL = YES;
				CLANG_CXX_LANGUAGE_STANDARD = "gnu++0x";
				CLANG_CXX_LIBRARY = "libc++";
				CLANG_ENABLE_MODULES = YES;
				CLANG_ENABLE_OBJC_ARC = YES;
				CLANG_WARN_BOOL_CONVERSION = YES;
				CLANG_WARN_CONSTANT_CONVERSION = YES;
				CLANG_WARN_DIRECT_OBJC_ISA_USAGE = YES_ERROR;
				CLANG_WARN_EMPTY_BODY = YES;
				CLANG_WARN_ENUM_CONVERSION = YES;
				CLANG_WARN_INFINITE_RECURSION = YES;
				CLANG_WARN_INT_CONVERSION = YES;
				CLANG_WARN_OBJC_ROOT_CLASS = YES_ERROR;
				CLANG_WARN_SUSPICIOUS_MOVE = YES;
				CLANG_WARN_UNREACHABLE_CODE = YES;
				CLANG_WARN__DUPLICATE_METHOD_MATCH = YES;
				"CODE_SIGN_IDENTITY[sdk=iphoneos*]" = "iPhone Developer";
				COPY_PHASE_STRIP = NO;
				DEBUG_INFORMATION_FORMAT = dwarf;
				ENABLE_STRICT_OBJC_MSGSEND = YES;
				ENABLE_TESTABILITY = YES;
				GCC_C_LANGUAGE_STANDARD = gnu99;
				GCC_DYNAMIC_NO_PIC = NO;
				GCC_NO_COMMON_BLOCKS = YES;
				GCC_OPTIMIZATION_LEVEL = 0;
				GCC_PREPROCESSOR_DEFINITIONS = (
					"DEBUG=1",
					"$(inherited)",
				);
				GCC_WARN_64_TO_32_BIT_CONVERSION = YES;
				GCC_WARN_ABOUT_RETURN_TYPE = YES_ERROR;
				GCC_WARN_UNDECLARED_SELECTOR = YES;
				GCC_WARN_UNINITIALIZED_AUTOS = YES_AGGRESSIVE;
				GCC_WARN_UNUSED_FUNCTION = YES;
				GCC_WARN_UNUSED_VARIABLE = YES;
				IPHONEOS_DEPLOYMENT_TARGET = 9.3;
				MTL_ENABLE_DEBUG_INFO = YES;
				ONLY_ACTIVE_ARCH = YES;
				SDKROOT = iphoneos;
				SWIFT_OPTIMIZATION_LEVEL = "-Onone";
				TARGETED_DEVICE_FAMILY = "1,2";
			};
			name = Debug;
		};
		42C306491D61324400975758 /* Release */ = {
			isa = XCBuildConfiguration;
			buildSettings = {
				ALWAYS_SEARCH_USER_PATHS = NO;
				CLANG_ANALYZER_NONNULL = YES;
				CLANG_CXX_LANGUAGE_STANDARD = "gnu++0x";
				CLANG_CXX_LIBRARY = "libc++";
				CLANG_ENABLE_MODULES = YES;
				CLANG_ENABLE_OBJC_ARC = YES;
				CLANG_WARN_BOOL_CONVERSION = YES;
				CLANG_WARN_CONSTANT_CONVERSION = YES;
				CLANG_WARN_DIRECT_OBJC_ISA_USAGE = YES_ERROR;
				CLANG_WARN_EMPTY_BODY = YES;
				CLANG_WARN_ENUM_CONVERSION = YES;
				CLANG_WARN_INFINITE_RECURSION = YES;
				CLANG_WARN_INT_CONVERSION = YES;
				CLANG_WARN_OBJC_ROOT_CLASS = YES_ERROR;
				CLANG_WARN_SUSPICIOUS_MOVE = YES;
				CLANG_WARN_UNREACHABLE_CODE = YES;
				CLANG_WARN__DUPLICATE_METHOD_MATCH = YES;
				"CODE_SIGN_IDENTITY[sdk=iphoneos*]" = "iPhone Developer";
				COPY_PHASE_STRIP = NO;
				DEBUG_INFORMATION_FORMAT = "dwarf-with-dsym";
				ENABLE_NS_ASSERTIONS = NO;
				ENABLE_STRICT_OBJC_MSGSEND = YES;
				GCC_C_LANGUAGE_STANDARD = gnu99;
				GCC_NO_COMMON_BLOCKS = YES;
				GCC_WARN_64_TO_32_BIT_CONVERSION = YES;
				GCC_WARN_ABOUT_RETURN_TYPE = YES_ERROR;
				GCC_WARN_UNDECLARED_SELECTOR = YES;
				GCC_WARN_UNINITIALIZED_AUTOS = YES_AGGRESSIVE;
				GCC_WARN_UNUSED_FUNCTION = YES;
				GCC_WARN_UNUSED_VARIABLE = YES;
				IPHONEOS_DEPLOYMENT_TARGET = 9.3;
				MTL_ENABLE_DEBUG_INFO = NO;
				SDKROOT = iphoneos;
				SWIFT_OPTIMIZATION_LEVEL = "-Owholemodule";
				TARGETED_DEVICE_FAMILY = "1,2";
				VALIDATE_PRODUCT = YES;
			};
			name = Release;
		};
		42C3064B1D61324400975758 /* Debug */ = {
			isa = XCBuildConfiguration;
			buildSettings = {
				ASSETCATALOG_COMPILER_APPICON_NAME = AppIcon;
				DEVELOPMENT_TEAM = L67Z545F8Q;
				INFOPLIST_FILE = "Street Art Orlando/Info.plist";
				IPHONEOS_DEPLOYMENT_TARGET = 9.3;
				LD_RUNPATH_SEARCH_PATHS = "$(inherited) @executable_path/Frameworks";
				PRODUCT_BUNDLE_IDENTIFIER = "com.codefororlando.Street-Art-Orlando";
				PRODUCT_NAME = "$(TARGET_NAME)";
				SWIFT_VERSION = 3.0;
			};
			name = Debug;
		};
		42C3064C1D61324400975758 /* Release */ = {
			isa = XCBuildConfiguration;
			buildSettings = {
				ASSETCATALOG_COMPILER_APPICON_NAME = AppIcon;
				DEVELOPMENT_TEAM = L67Z545F8Q;
				INFOPLIST_FILE = "Street Art Orlando/Info.plist";
				IPHONEOS_DEPLOYMENT_TARGET = 9.3;
				LD_RUNPATH_SEARCH_PATHS = "$(inherited) @executable_path/Frameworks";
				PRODUCT_BUNDLE_IDENTIFIER = "com.codefororlando.Street-Art-Orlando";
				PRODUCT_NAME = "$(TARGET_NAME)";
				SWIFT_VERSION = 3.0;
			};
			name = Release;
		};
/* End XCBuildConfiguration section */

/* Begin XCConfigurationList section */
		42C306331D61324400975758 /* Build configuration list for PBXProject "Street Art Orlando" */ = {
			isa = XCConfigurationList;
			buildConfigurations = (
				42C306481D61324400975758 /* Debug */,
				42C306491D61324400975758 /* Release */,
			);
			defaultConfigurationIsVisible = 0;
			defaultConfigurationName = Release;
		};
		42C3064A1D61324400975758 /* Build configuration list for PBXNativeTarget "Street Art Orlando" */ = {
			isa = XCConfigurationList;
			buildConfigurations = (
				42C3064B1D61324400975758 /* Debug */,
				42C3064C1D61324400975758 /* Release */,
			);
			defaultConfigurationIsVisible = 0;
			defaultConfigurationName = Release;
		};
/* End XCConfigurationList section */
	};
	rootObject = 42C306301D61324400975758 /* Project object */;
}
